
Microsoft Visual Studio Solution File, Format Version 12.00
# Visual Studio Version 16
VisualStudioVersion = 16.0.29613.14
MinimumVisualStudioVersion = 10.0.40219.1
Project("{9A19103F-16F7-4668-BE54-9A1E7A4F7556}") = "OAHub.Home", "OAHub.Home\OAHub.Home.csproj", "{70FD96D6-BBB3-4DAD-9F82-31818575C95D}"
	ProjectSection(ProjectDependencies) = postProject
		{77D613DB-30F6-4BEA-AAD0-54B95753159C} = {77D613DB-30F6-4BEA-AAD0-54B95753159C}
	EndProjectSection
EndProject
Project("{2150E333-8FDC-42A3-9474-1A3956D46DE8}") = "Support", "Support", "{60FF9A84-5122-48AF-B162-63699F03341D}"
EndProject
Project("{2150E333-8FDC-42A3-9474-1A3956D46DE8}") = "Services", "Services", "{AE5A386B-39CF-4D12-90A3-9C70F12662B5}"
EndProject
Project("{9A19103F-16F7-4668-BE54-9A1E7A4F7556}") = "OAHub.Passport", "OAHub.Passport\OAHub.Passport.csproj", "{2052D7CC-7C13-4435-9E6B-C1358FCE9DA3}"
EndProject
Project("{2150E333-8FDC-42A3-9474-1A3956D46DE8}") = "Core", "Core", "{FB2E93FA-ADAE-4539-96C5-0E6302A6C1D6}"
EndProject
Project("{9A19103F-16F7-4668-BE54-9A1E7A4F7556}") = "OAHub.Base", "OAHub.Base\OAHub.Base.csproj", "{77D613DB-30F6-4BEA-AAD0-54B95753159C}"
EndProject
Project("{9A19103F-16F7-4668-BE54-9A1E7A4F7556}") = "OAHub.Organization", "OAHub.Organization\OAHub.Organization.csproj", "{118A0C76-A7B4-426F-8EBE-645444CC08AB}"
EndProject
Project("{9A19103F-16F7-4668-BE54-9A1E7A4F7556}") = "OAHub.Workflow", "OAHub.Workflow\OAHub.Workflow.csproj", "{9135E4CD-4C35-47C0-91E0-816D7C43BCDC}"
EndProject
Project("{9A19103F-16F7-4668-BE54-9A1E7A4F7556}") = "OAHub.Storage", "OAHub.Storage\OAHub.Storage.csproj", "{798285F1-2237-4B17-841F-11D40B644D2B}"
EndProject
Project("{FAE04EC0-301F-11D3-BF4B-00C04F79EFBC}") = "OAHub.Answers", "OAHub.Answers\OAHub.Answers.csproj", "{24BF0EC9-4C79-4C1D-AF74-2960166CE9E6}"
EndProject
Global
	GlobalSection(SolutionConfigurationPlatforms) = preSolution
		Debug|Any CPU = Debug|Any CPU
		Release|Any CPU = Release|Any CPU
	EndGlobalSection
	GlobalSection(ProjectConfigurationPlatforms) = postSolution
		{70FD96D6-BBB3-4DAD-9F82-31818575C95D}.Debug|Any CPU.ActiveCfg = Debug|Any CPU
		{70FD96D6-BBB3-4DAD-9F82-31818575C95D}.Debug|Any CPU.Build.0 = Debug|Any CPU
		{70FD96D6-BBB3-4DAD-9F82-31818575C95D}.Release|Any CPU.ActiveCfg = Release|Any CPU
		{70FD96D6-BBB3-4DAD-9F82-31818575C95D}.Release|Any CPU.Build.0 = Release|Any CPU
		{2052D7CC-7C13-4435-9E6B-C1358FCE9DA3}.Debug|Any CPU.ActiveCfg = Debug|Any CPU
		{2052D7CC-7C13-4435-9E6B-C1358FCE9DA3}.Debug|Any CPU.Build.0 = Debug|Any CPU
		{2052D7CC-7C13-4435-9E6B-C1358FCE9DA3}.Release|Any CPU.ActiveCfg = Release|Any CPU
		{2052D7CC-7C13-4435-9E6B-C1358FCE9DA3}.Release|Any CPU.Build.0 = Release|Any CPU
		{77D613DB-30F6-4BEA-AAD0-54B95753159C}.Debug|Any CPU.ActiveCfg = Debug|Any CPU
		{77D613DB-30F6-4BEA-AAD0-54B95753159C}.Debug|Any CPU.Build.0 = Debug|Any CPU
		{77D613DB-30F6-4BEA-AAD0-54B95753159C}.Release|Any CPU.ActiveCfg = Release|Any CPU
		{77D613DB-30F6-4BEA-AAD0-54B95753159C}.Release|Any CPU.Build.0 = Release|Any CPU
		{118A0C76-A7B4-426F-8EBE-645444CC08AB}.Debug|Any CPU.ActiveCfg = Debug|Any CPU
		{118A0C76-A7B4-426F-8EBE-645444CC08AB}.Debug|Any CPU.Build.0 = Debug|Any CPU
		{118A0C76-A7B4-426F-8EBE-645444CC08AB}.Release|Any CPU.ActiveCfg = Release|Any CPU
		{118A0C76-A7B4-426F-8EBE-645444CC08AB}.Release|Any CPU.Build.0 = Release|Any CPU
		{9135E4CD-4C35-47C0-91E0-816D7C43BCDC}.Debug|Any CPU.ActiveCfg = Debug|Any CPU
		{9135E4CD-4C35-47C0-91E0-816D7C43BCDC}.Debug|Any CPU.Build.0 = Debug|Any CPU
		{9135E4CD-4C35-47C0-91E0-816D7C43BCDC}.Release|Any CPU.ActiveCfg = Release|Any CPU
		{9135E4CD-4C35-47C0-91E0-816D7C43BCDC}.Release|Any CPU.Build.0 = Release|Any CPU
		{798285F1-2237-4B17-841F-11D40B644D2B}.Debug|Any CPU.ActiveCfg = Debug|Any CPU
		{798285F1-2237-4B17-841F-11D40B644D2B}.Debug|Any CPU.Build.0 = Debug|Any CPU
		{798285F1-2237-4B17-841F-11D40B644D2B}.Release|Any CPU.ActiveCfg = Release|Any CPU
		{798285F1-2237-4B17-841F-11D40B644D2B}.Release|Any CPU.Build.0 = Release|Any CPU
		{24BF0EC9-4C79-4C1D-AF74-2960166CE9E6}.Debug|Any CPU.ActiveCfg = Debug|Any CPU
		{24BF0EC9-4C79-4C1D-AF74-2960166CE9E6}.Debug|Any CPU.Build.0 = Debug|Any CPU
		{24BF0EC9-4C79-4C1D-AF74-2960166CE9E6}.Release|Any CPU.ActiveCfg = Release|Any CPU
		{24BF0EC9-4C79-4C1D-AF74-2960166CE9E6}.Release|Any CPU.Build.0 = Release|Any CPU
	EndGlobalSection
	GlobalSection(SolutionProperties) = preSolution
		HideSolutionNode = FALSE
	EndGlobalSection
	GlobalSection(NestedProjects) = preSolution
		{70FD96D6-BBB3-4DAD-9F82-31818575C95D} = {AE5A386B-39CF-4D12-90A3-9C70F12662B5}
		{2052D7CC-7C13-4435-9E6B-C1358FCE9DA3} = {60FF9A84-5122-48AF-B162-63699F03341D}
		{77D613DB-30F6-4BEA-AAD0-54B95753159C} = {FB2E93FA-ADAE-4539-96C5-0E6302A6C1D6}
		{118A0C76-A7B4-426F-8EBE-645444CC08AB} = {AE5A386B-39CF-4D12-90A3-9C70F12662B5}
		{9135E4CD-4C35-47C0-91E0-816D7C43BCDC} = {AE5A386B-39CF-4D12-90A3-9C70F12662B5}
		{798285F1-2237-4B17-841F-11D40B644D2B} = {60FF9A84-5122-48AF-B162-63699F03341D}
		{24BF0EC9-4C79-4C1D-AF74-2960166CE9E6} = {AE5A386B-39CF-4D12-90A3-9C70F12662B5}
	EndGlobalSection
	GlobalSection(ExtensibilityGlobals) = postSolution
		SolutionGuid = {D11F0457-C691-4E11-BBFA-567FD81DA4A1}
	EndGlobalSection
EndGlobal
